
Microsoft Visual Studio Solution File, Format Version 12.00
# Visual Studio Version 17
VisualStudioVersion = 17.10.35122.118
MinimumVisualStudioVersion = 10.0.40219.1
Project("{FAE04EC0-301F-11D3-BF4B-00C04F79EFBC}") = "CloseApproach.Client", "CloseApproach.Client.csproj", "{90261953-E973-4859-A157-1E3353CF647C}"
EndProject
Global
	GlobalSection(SolutionConfigurationPlatforms) = preSolution
		Debug|Any CPU = Debug|Any CPU
		Release|Any CPU = Release|Any CPU
	EndGlobalSection
	GlobalSection(ProjectConfigurationPlatforms) = postSolution
		{90261953-E973-4859-A157-1E3353CF647C}.Debug|Any CPU.ActiveCfg = Debug|Any CPU
		{90261953-E973-4859-A157-1E3353CF647C}.Debug|Any CPU.Build.0 = Debug|Any CPU
		{90261953-E973-4859-A157-1E3353CF647C}.Release|Any CPU.ActiveCfg = Release|Any CPU
		{90261953-E973-4859-A157-1E3353CF647C}.Release|Any CPU.Build.0 = Release|Any CPU
	EndGlobalSection
	GlobalSection(SolutionProperties) = preSolution
		HideSolutionNode = FALSE
	EndGlobalSection
	GlobalSection(ExtensibilityGlobals) = postSolution
		SolutionGuid = {1B2FB331-5313-4037-8FBF-F7D5DD4225B3}
	EndGlobalSection
EndGlobal
