
Microsoft Visual Studio Solution File, Format Version 12.00
# Visual Studio Version 17
VisualStudioVersion = 17.13.35806.99 d17.13
MinimumVisualStudioVersion = 10.0.40219.1
Project("{FAE04EC0-301F-11D3-BF4B-00C04F79EFBC}") = "SmsService.Api", "SmsService.Api.csproj", "{9FB36DBD-7642-4927-836E-3D03BFF7C27E}"
EndProject
Global
	GlobalSection(SolutionConfigurationPlatforms) = preSolution
		Debug|Any CPU = Debug|Any CPU
		Release|Any CPU = Release|Any CPU
	EndGlobalSection
	GlobalSection(ProjectConfigurationPlatforms) = postSolution
		{9FB36DBD-7642-4927-836E-3D03BFF7C27E}.Debug|Any CPU.ActiveCfg = Debug|Any CPU
		{9FB36DBD-7642-4927-836E-3D03BFF7C27E}.Debug|Any CPU.Build.0 = Debug|Any CPU
		{9FB36DBD-7642-4927-836E-3D03BFF7C27E}.Release|Any CPU.ActiveCfg = Release|Any CPU
		{9FB36DBD-7642-4927-836E-3D03BFF7C27E}.Release|Any CPU.Build.0 = Release|Any CPU
	EndGlobalSection
	GlobalSection(SolutionProperties) = preSolution
		HideSolutionNode = FALSE
	EndGlobalSection
	GlobalSection(ExtensibilityGlobals) = postSolution
		SolutionGuid = {D5CE6655-3D6D-44E7-900F-E4F502105AAF}
	EndGlobalSection
EndGlobal
