
Microsoft Visual Studio Solution File, Format Version 12.00
# Visual Studio Version 17
VisualStudioVersion = 17.13.35818.85 d17.13
MinimumVisualStudioVersion = 10.0.40219.1
Project("{FAE04EC0-301F-11D3-BF4B-00C04F79EFBC}") = "CodeHub.Client", "CodeHub.Client.csproj", "{D8F66BFD-2610-4C7F-814C-2B68AA8AB0BC}"
EndProject
Global
	GlobalSection(SolutionConfigurationPlatforms) = preSolution
		Debug|Any CPU = Debug|Any CPU
		Release|Any CPU = Release|Any CPU
	EndGlobalSection
	GlobalSection(ProjectConfigurationPlatforms) = postSolution
		{D8F66BFD-2610-4C7F-814C-2B68AA8AB0BC}.Debug|Any CPU.ActiveCfg = Debug|Any CPU
		{D8F66BFD-2610-4C7F-814C-2B68AA8AB0BC}.Debug|Any CPU.Build.0 = Debug|Any CPU
		{D8F66BFD-2610-4C7F-814C-2B68AA8AB0BC}.Release|Any CPU.ActiveCfg = Release|Any CPU
		{D8F66BFD-2610-4C7F-814C-2B68AA8AB0BC}.Release|Any CPU.Build.0 = Release|Any CPU
	EndGlobalSection
	GlobalSection(SolutionProperties) = preSolution
		HideSolutionNode = FALSE
	EndGlobalSection
	GlobalSection(ExtensibilityGlobals) = postSolution
		SolutionGuid = {CCCFFB05-87FD-4D07-BE54-143017F54F40}
	EndGlobalSection
EndGlobal
