
Microsoft Visual Studio Solution File, Format Version 12.00
# Visual Studio Version 17
VisualStudioVersion = 17.13.35806.99 d17.13
MinimumVisualStudioVersion = 10.0.40219.1
Project("{FAE04EC0-301F-11D3-BF4B-00C04F79EFBC}") = "PhoneBookServiceClient", "PhoneBookServiceClient.csproj", "{C1BF1BCB-5015-4F6C-B673-A86DA99BFC92}"
EndProject
Global
	GlobalSection(SolutionConfigurationPlatforms) = preSolution
		Debug|Any CPU = Debug|Any CPU
		Release|Any CPU = Release|Any CPU
	EndGlobalSection
	GlobalSection(ProjectConfigurationPlatforms) = postSolution
		{C1BF1BCB-5015-4F6C-B673-A86DA99BFC92}.Debug|Any CPU.ActiveCfg = Debug|Any CPU
		{C1BF1BCB-5015-4F6C-B673-A86DA99BFC92}.Debug|Any CPU.Build.0 = Debug|Any CPU
		{C1BF1BCB-5015-4F6C-B673-A86DA99BFC92}.Release|Any CPU.ActiveCfg = Release|Any CPU
		{C1BF1BCB-5015-4F6C-B673-A86DA99BFC92}.Release|Any CPU.Build.0 = Release|Any CPU
	EndGlobalSection
	GlobalSection(SolutionProperties) = preSolution
		HideSolutionNode = FALSE
	EndGlobalSection
	GlobalSection(ExtensibilityGlobals) = postSolution
		SolutionGuid = {F8961688-3C98-4661-B9DD-FB126DC41119}
	EndGlobalSection
EndGlobal
